{
  "name": "vlc_rc",
  "version": "0.0.1",
  "lockfileVersion": 1,
  "dependencies": {
    "another-telnet-client": {
      "version": "0.1.3",
      "resolved": "https://registry.npmjs.org/another-telnet-client/-/another-telnet-client-0.1.3.tgz",
      "integrity": "sha1-3me4Ehr7R39e0OAlkByyIqoONS0="
    }
  }
}
